
Microsoft Visual Studio Solution File, Format Version 12.00
# Visual Studio 15
VisualStudioVersion = 15.0.27703.2026
MinimumVisualStudioVersion = 10.0.40219.1
Project("{2150E333-8FDC-42A3-9474-1A3956D46DE8}") = "Solution items", "Solution items", "{C21E3784-AEBF-467E-9532-F516D9B3DF48}"
	ProjectSection(SolutionItems) = preProject
		.gitignore = .gitignore
		LICENSE = LICENSE
		README.md = README.md
	EndProjectSection
EndProject
Project("{FAE04EC0-301F-11D3-BF4B-00C04F79EFBC}") = "ProjectEuler", "ProjectEuler\ProjectEuler.csproj", "{9C39B435-086E-4FA1-A030-5C3817E97787}"
EndProject
Project("{FAE04EC0-301F-11D3-BF4B-00C04F79EFBC}") = "HackerRank", "HackerRank\HackerRank.csproj", "{63A1B3E2-6E00-4FE0-ACD8-DFA34280B9C1}"
EndProject
Project("{FAE04EC0-301F-11D3-BF4B-00C04F79EFBC}") = "LeetCode", "LeetCode\LeetCode.csproj", "{A3E9409F-BFF5-41F3-842C-9CA1DDE34A07}"
EndProject
Global
	GlobalSection(SolutionConfigurationPlatforms) = preSolution
		Debug|Any CPU = Debug|Any CPU
		Release|Any CPU = Release|Any CPU
	EndGlobalSection
	GlobalSection(ProjectConfigurationPlatforms) = postSolution
		{9C39B435-086E-4FA1-A030-5C3817E97787}.Debug|Any CPU.ActiveCfg = Debug|Any CPU
		{9C39B435-086E-4FA1-A030-5C3817E97787}.Debug|Any CPU.Build.0 = Debug|Any CPU
		{9C39B435-086E-4FA1-A030-5C3817E97787}.Release|Any CPU.ActiveCfg = Release|Any CPU
		{9C39B435-086E-4FA1-A030-5C3817E97787}.Release|Any CPU.Build.0 = Release|Any CPU
		{63A1B3E2-6E00-4FE0-ACD8-DFA34280B9C1}.Debug|Any CPU.ActiveCfg = Debug|Any CPU
		{63A1B3E2-6E00-4FE0-ACD8-DFA34280B9C1}.Debug|Any CPU.Build.0 = Debug|Any CPU
		{63A1B3E2-6E00-4FE0-ACD8-DFA34280B9C1}.Release|Any CPU.ActiveCfg = Release|Any CPU
		{63A1B3E2-6E00-4FE0-ACD8-DFA34280B9C1}.Release|Any CPU.Build.0 = Release|Any CPU
		{A3E9409F-BFF5-41F3-842C-9CA1DDE34A07}.Debug|Any CPU.ActiveCfg = Debug|Any CPU
		{A3E9409F-BFF5-41F3-842C-9CA1DDE34A07}.Debug|Any CPU.Build.0 = Debug|Any CPU
		{A3E9409F-BFF5-41F3-842C-9CA1DDE34A07}.Release|Any CPU.ActiveCfg = Release|Any CPU
		{A3E9409F-BFF5-41F3-842C-9CA1DDE34A07}.Release|Any CPU.Build.0 = Release|Any CPU
	EndGlobalSection
	GlobalSection(SolutionProperties) = preSolution
		HideSolutionNode = FALSE
	EndGlobalSection
	GlobalSection(ExtensibilityGlobals) = postSolution
		SolutionGuid = {2197AD89-A32F-4C97-A669-1CBCBDBD1C4B}
	EndGlobalSection
EndGlobal
